{
  "requires": true,
  "lockfileVersion": 1,
  "dependencies": {
    "three-gltf-loader": {
      "version": "1.100.0",
      "resolved": "https://registry.npmjs.org/three-gltf-loader/-/three-gltf-loader-1.100.0.tgz",
      "integrity": "sha512-z4cLG6TMDR0XE85b731IYmm1lFvRoSWDq0NBg0gE0vNRufiB6R728xbzhVMQQondjjoOk+LXEugp5twj0T8V1Q=="
    }
  }
}
